
Microsoft Visual Studio Solution File, Format Version 12.00
Project("{FAE04EC0-301F-11D3-BF4B-00C04F79EFBC}") = "TDAmeritrade.Client", "TDAmeritrade.Client\TDAmeritrade.Client.csproj", "{5DC05416-2ECF-492A-8CC3-0D767B77EDB7}"
EndProject
Project("{FAE04EC0-301F-11D3-BF4B-00C04F79EFBC}") = "TDAmeritrade.Console", "TDAmeritrade.Console\TDAmeritrade.Console.csproj", "{7212F5DC-6192-42B5-95A5-FC4B8616ADB3}"
EndProject
Global
	GlobalSection(SolutionConfigurationPlatforms) = preSolution
		Debug|Any CPU = Debug|Any CPU
		Release|Any CPU = Release|Any CPU
	EndGlobalSection
	GlobalSection(ProjectConfigurationPlatforms) = postSolution
		{5DC05416-2ECF-492A-8CC3-0D767B77EDB7}.Debug|Any CPU.ActiveCfg = Debug|Any CPU
		{5DC05416-2ECF-492A-8CC3-0D767B77EDB7}.Debug|Any CPU.Build.0 = Debug|Any CPU
		{5DC05416-2ECF-492A-8CC3-0D767B77EDB7}.Release|Any CPU.ActiveCfg = Release|Any CPU
		{5DC05416-2ECF-492A-8CC3-0D767B77EDB7}.Release|Any CPU.Build.0 = Release|Any CPU
		{7212F5DC-6192-42B5-95A5-FC4B8616ADB3}.Debug|Any CPU.ActiveCfg = Debug|Any CPU
		{7212F5DC-6192-42B5-95A5-FC4B8616ADB3}.Debug|Any CPU.Build.0 = Debug|Any CPU
		{7212F5DC-6192-42B5-95A5-FC4B8616ADB3}.Release|Any CPU.ActiveCfg = Release|Any CPU
		{7212F5DC-6192-42B5-95A5-FC4B8616ADB3}.Release|Any CPU.Build.0 = Release|Any CPU
	EndGlobalSection
	GlobalSection(NestedProjects) = preSolution
	EndGlobalSection
EndGlobal
